
Microsoft Visual Studio Solution File, Format Version 12.00
# Visual Studio Version 17
VisualStudioVersion = 17.14.36717.8
MinimumVisualStudioVersion = 10.0.40219.1
Project("{FAE04EC0-301F-11D3-BF4B-00C04F79EFBC}") = "Singleton", "Creational_Patterns\Singleton\Singleton.csproj", "{E9C18898-C784-4C35-964D-A568B15C32F7}"
EndProject
Project("{FAE04EC0-301F-11D3-BF4B-00C04F79EFBC}") = "Adapter", "Structural_Patterns\Adapter\Adapter.csproj", "{B096F282-E7D2-4735-B99A-E0F60409CDA3}"
EndProject
Project("{2150E333-8FDC-42A3-9474-1A3956D46DE8}") = "Creational_Patterns", "Creational_Patterns", "{02EA681E-C7D8-13C7-8484-4AC65E1B71E8}"
EndProject
Project("{2150E333-8FDC-42A3-9474-1A3956D46DE8}") = "Structural_Patterns", "Structural_Patterns", "{E146C8F9-3520-4D30-9B03-A2BD56D0EE74}"
EndProject
Project("{2150E333-8FDC-42A3-9474-1A3956D46DE8}") = "Behavioral_Patterns", "Behavioral_Patterns", "{D56818C8-45A2-44B2-A5A5-E71B61D65DBE}"
EndProject
Project("{FAE04EC0-301F-11D3-BF4B-00C04F79EFBC}") = "Observer", "Behavioral_Patterns\Observer\Observer.csproj", "{5A674392-AC17-4354-84B7-2DDC184D5296}"
EndProject
Project("{FAE04EC0-301F-11D3-BF4B-00C04F79EFBC}") = "FactoryMethod", "Creational_Patterns\FactoryMethod\FactoryMethod.csproj", "{AA40D3D2-B053-46E6-BC6F-2DF9DF13910D}"
EndProject
Global
	GlobalSection(SolutionConfigurationPlatforms) = preSolution
		Debug|Any CPU = Debug|Any CPU
		Release|Any CPU = Release|Any CPU
	EndGlobalSection
	GlobalSection(ProjectConfigurationPlatforms) = postSolution
		{E9C18898-C784-4C35-964D-A568B15C32F7}.Debug|Any CPU.ActiveCfg = Debug|Any CPU
		{E9C18898-C784-4C35-964D-A568B15C32F7}.Debug|Any CPU.Build.0 = Debug|Any CPU
		{E9C18898-C784-4C35-964D-A568B15C32F7}.Release|Any CPU.ActiveCfg = Release|Any CPU
		{E9C18898-C784-4C35-964D-A568B15C32F7}.Release|Any CPU.Build.0 = Release|Any CPU
		{B096F282-E7D2-4735-B99A-E0F60409CDA3}.Debug|Any CPU.ActiveCfg = Debug|Any CPU
		{B096F282-E7D2-4735-B99A-E0F60409CDA3}.Debug|Any CPU.Build.0 = Debug|Any CPU
		{B096F282-E7D2-4735-B99A-E0F60409CDA3}.Release|Any CPU.ActiveCfg = Release|Any CPU
		{B096F282-E7D2-4735-B99A-E0F60409CDA3}.Release|Any CPU.Build.0 = Release|Any CPU
		{5A674392-AC17-4354-84B7-2DDC184D5296}.Debug|Any CPU.ActiveCfg = Debug|Any CPU
		{5A674392-AC17-4354-84B7-2DDC184D5296}.Debug|Any CPU.Build.0 = Debug|Any CPU
		{5A674392-AC17-4354-84B7-2DDC184D5296}.Release|Any CPU.ActiveCfg = Release|Any CPU
		{5A674392-AC17-4354-84B7-2DDC184D5296}.Release|Any CPU.Build.0 = Release|Any CPU
		{AA40D3D2-B053-46E6-BC6F-2DF9DF13910D}.Debug|Any CPU.ActiveCfg = Debug|Any CPU
		{AA40D3D2-B053-46E6-BC6F-2DF9DF13910D}.Debug|Any CPU.Build.0 = Debug|Any CPU
		{AA40D3D2-B053-46E6-BC6F-2DF9DF13910D}.Release|Any CPU.ActiveCfg = Release|Any CPU
		{AA40D3D2-B053-46E6-BC6F-2DF9DF13910D}.Release|Any CPU.Build.0 = Release|Any CPU
	EndGlobalSection
	GlobalSection(SolutionProperties) = preSolution
		HideSolutionNode = FALSE
	EndGlobalSection
	GlobalSection(NestedProjects) = preSolution
		{E9C18898-C784-4C35-964D-A568B15C32F7} = {02EA681E-C7D8-13C7-8484-4AC65E1B71E8}
		{B096F282-E7D2-4735-B99A-E0F60409CDA3} = {E146C8F9-3520-4D30-9B03-A2BD56D0EE74}
		{5A674392-AC17-4354-84B7-2DDC184D5296} = {D56818C8-45A2-44B2-A5A5-E71B61D65DBE}
		{AA40D3D2-B053-46E6-BC6F-2DF9DF13910D} = {02EA681E-C7D8-13C7-8484-4AC65E1B71E8}
	EndGlobalSection
	GlobalSection(ExtensibilityGlobals) = postSolution
		SolutionGuid = {D31A3060-C56A-4E1C-96A1-2B4CBC1540DB}
	EndGlobalSection
EndGlobal
